
Microsoft Visual Studio Solution File, Format Version 12.00
# Visual Studio 15
VisualStudioVersion = 15.0.28010.2048
MinimumVisualStudioVersion = 10.0.40219.1
Project("{FAE04EC0-301F-11D3-BF4B-00C04F79EFBC}") = "countLetter", "countLetter\countLetter.csproj", "{2BA0EBFE-AC49-495E-9910-CAECF22C289A}"
EndProject
Project("{FAE04EC0-301F-11D3-BF4B-00C04F79EFBC}") = "DNA", "DNA\DNA.csproj", "{F2BFCC12-367E-4284-8FA4-FD8541B2865F}"
EndProject
Project("{FAE04EC0-301F-11D3-BF4B-00C04F79EFBC}") = "Reverse", "Reverse\Reverse.csproj", "{1A810315-FC51-4BB4-B296-90B367E02BF5}"
EndProject
Project("{FAE04EC0-301F-11D3-BF4B-00C04F79EFBC}") = "Capicua", "Capicua\Capicua.csproj", "{5072B00C-F5FC-422B-932A-2C7B49310D8F}"
EndProject
Global
	GlobalSection(SolutionConfigurationPlatforms) = preSolution
		Debug|Any CPU = Debug|Any CPU
		Release|Any CPU = Release|Any CPU
	EndGlobalSection
	GlobalSection(ProjectConfigurationPlatforms) = postSolution
		{2BA0EBFE-AC49-495E-9910-CAECF22C289A}.Debug|Any CPU.ActiveCfg = Debug|Any CPU
		{2BA0EBFE-AC49-495E-9910-CAECF22C289A}.Debug|Any CPU.Build.0 = Debug|Any CPU
		{2BA0EBFE-AC49-495E-9910-CAECF22C289A}.Release|Any CPU.ActiveCfg = Release|Any CPU
		{2BA0EBFE-AC49-495E-9910-CAECF22C289A}.Release|Any CPU.Build.0 = Release|Any CPU
		{F2BFCC12-367E-4284-8FA4-FD8541B2865F}.Debug|Any CPU.ActiveCfg = Debug|Any CPU
		{F2BFCC12-367E-4284-8FA4-FD8541B2865F}.Debug|Any CPU.Build.0 = Debug|Any CPU
		{F2BFCC12-367E-4284-8FA4-FD8541B2865F}.Release|Any CPU.ActiveCfg = Release|Any CPU
		{F2BFCC12-367E-4284-8FA4-FD8541B2865F}.Release|Any CPU.Build.0 = Release|Any CPU
		{1A810315-FC51-4BB4-B296-90B367E02BF5}.Debug|Any CPU.ActiveCfg = Debug|Any CPU
		{1A810315-FC51-4BB4-B296-90B367E02BF5}.Debug|Any CPU.Build.0 = Debug|Any CPU
		{1A810315-FC51-4BB4-B296-90B367E02BF5}.Release|Any CPU.ActiveCfg = Release|Any CPU
		{1A810315-FC51-4BB4-B296-90B367E02BF5}.Release|Any CPU.Build.0 = Release|Any CPU
		{5072B00C-F5FC-422B-932A-2C7B49310D8F}.Debug|Any CPU.ActiveCfg = Debug|Any CPU
		{5072B00C-F5FC-422B-932A-2C7B49310D8F}.Debug|Any CPU.Build.0 = Debug|Any CPU
		{5072B00C-F5FC-422B-932A-2C7B49310D8F}.Release|Any CPU.ActiveCfg = Release|Any CPU
		{5072B00C-F5FC-422B-932A-2C7B49310D8F}.Release|Any CPU.Build.0 = Release|Any CPU
	EndGlobalSection
	GlobalSection(SolutionProperties) = preSolution
		HideSolutionNode = FALSE
	EndGlobalSection
	GlobalSection(ExtensibilityGlobals) = postSolution
		SolutionGuid = {3F89AB6C-F6FB-4B2B-B861-7703EAC1FF4D}
	EndGlobalSection
EndGlobal
